// !$*UTF8*$!
{
	archiveVersion = 1;
	classes = {
	};
	objectVersion = 46;
	objects = {

/* Begin PBXBuildFile section */
		453F90A4183D62E40070A29D /* Foundation.framework in Frameworks */ = {isa = PBXBuildFile; fileRef = 453F90A3183D62E30070A29D /* Foundation.framework */; };
		453F90A6183D62E40070A29D /* CoreGraphics.framework in Frameworks */ = {isa = PBXBuildFile; fileRef = 453F90A5183D62E40070A29D /* CoreGraphics.framework */; };
		453F90A8183D62E40070A29D /* UIKit.framework in Frameworks */ = {isa = PBXBuildFile; fileRef = 453F90A7183D62E40070A29D /* UIKit.framework */; };
		45F3A240186730EC00514BC9 /* Images.xcassets in Resources */ = {isa = PBXBuildFile; fileRef = 45F3A22D186730EC00514BC9 /* Images.xcassets */; };
		45F3A241186730EC00514BC9 /* InfoPlist.strings in Resources */ = {isa = PBXBuildFile; fileRef = 45F3A22F186730EC00514BC9 /* InfoPlist.strings */; };
		45F3A243186730EC00514BC9 /* Main.storyboard in Resources */ = {isa = PBXBuildFile; fileRef = 45F3A234186730EC00514BC9 /* Main.storyboard */; };
		45F3A244186730EC00514BC9 /* LockViewController.m in Sources */ = {isa = PBXBuildFile; fileRef = 45F3A238186730EC00514BC9 /* LockViewController.m */; };
		45F3A245186730EC00514BC9 /* LockAppDelegate.m in Sources */ = {isa = PBXBuildFile; fileRef = 45F3A23C186730EC00514BC9 /* LockAppDelegate.m */; };
		45F3A246186730EC00514BC9 /* main.m in Sources */ = {isa = PBXBuildFile; fileRef = 45F3A23D186730EC00514BC9 /* main.m */; };
		45F3A249186731F000514BC9 /* LockView.m in Sources */ = {isa = PBXBuildFile; fileRef = 45F3A248186731F000514BC9 /* LockView.m */; };
/* End PBXBuildFile section */

/* Begin PBXFileReference section */
		453F90A0183D62E30070A29D /* Lock.app */ = {isa = PBXFileReference; explicitFileType = wrapper.application; includeInIndex = 0; path = Lock.app; sourceTree = BUILT_PRODUCTS_DIR; };
		453F90A3183D62E30070A29D /* Foundation.framework */ = {isa = PBXFileReference; lastKnownFileType = wrapper.framework; name = Foundation.framework; path = System/Library/Frameworks/Foundation.framework; sourceTree = SDKROOT; };
		453F90A5183D62E40070A29D /* CoreGraphics.framework */ = {isa = PBXFileReference; lastKnownFileType = wrapper.framework; name = CoreGraphics.framework; path = System/Library/Frameworks/CoreGraphics.framework; sourceTree = SDKROOT; };
		453F90A7183D62E40070A29D /* UIKit.framework */ = {isa = PBXFileReference; lastKnownFileType = wrapper.framework; name = UIKit.framework; path = System/Library/Frameworks/UIKit.framework; sourceTree = SDKROOT; };
		453F90C2183D62E60070A29D /* XCTest.framework */ = {isa = PBXFileReference; lastKnownFileType = wrapper.framework; name = XCTest.framework; path = Library/Frameworks/XCTest.framework; sourceTree = DEVELOPER_DIR; };
		45F3A22D186730EC00514BC9 /* Images.xcassets */ = {isa = PBXFileReference; lastKnownFileType = folder.assetcatalog; path = Images.xcassets; sourceTree = "<group>"; };
		45F3A230186730EC00514BC9 /* en */ = {isa = PBXFileReference; lastKnownFileType = text.plist.strings; name = en; path = en.lproj/InfoPlist.strings; sourceTree = "<group>"; };
		45F3A232186730EC00514BC9 /* Lock-Info.plist */ = {isa = PBXFileReference; fileEncoding = 4; lastKnownFileType = text.plist.xml; path = "Lock-Info.plist"; sourceTree = "<group>"; };
		45F3A234186730EC00514BC9 /* Main.storyboard */ = {isa = PBXFileReference; fileEncoding = 4; lastKnownFileType = file.storyboard; path = Main.storyboard; sourceTree = "<group>"; };
		45F3A237186730EC00514BC9 /* LockViewController.h */ = {isa = PBXFileReference; fileEncoding = 4; lastKnownFileType = sourcecode.c.h; path = LockViewController.h; sourceTree = "<group>"; };
		45F3A238186730EC00514BC9 /* LockViewController.m */ = {isa = PBXFileReference; fileEncoding = 4; lastKnownFileType = sourcecode.c.objc; path = LockViewController.m; sourceTree = "<group>"; };
		45F3A23A186730EC00514BC9 /* Lock-Prefix.pch */ = {isa = PBXFileReference; fileEncoding = 4; lastKnownFileType = sourcecode.c.h; path = "Lock-Prefix.pch"; sourceTree = "<group>"; };
		45F3A23B186730EC00514BC9 /* LockAppDelegate.h */ = {isa = PBXFileReference; fileEncoding = 4; lastKnownFileType = sourcecode.c.h; path = LockAppDelegate.h; sourceTree = "<group>"; };
		45F3A23C186730EC00514BC9 /* LockAppDelegate.m */ = {isa = PBXFileReference; fileEncoding = 4; lastKnownFileType = sourcecode.c.objc; path = LockAppDelegate.m; sourceTree = "<group>"; };
		45F3A23D186730EC00514BC9 /* main.m */ = {isa = PBXFileReference; fileEncoding = 4; lastKnownFileType = sourcecode.c.objc; path = main.m; sourceTree = "<group>"; };
		45F3A247186731F000514BC9 /* LockView.h */ = {isa = PBXFileReference; fileEncoding = 4; lastKnownFileType = sourcecode.c.h; path = LockView.h; sourceTree = "<group>"; };
		45F3A248186731F000514BC9 /* LockView.m */ = {isa = PBXFileReference; fileEncoding = 4; lastKnownFileType = sourcecode.c.objc; path = LockView.m; sourceTree = "<group>"; };
/* End PBXFileReference section */

/* Begin PBXFrameworksBuildPhase section */
		453F909D183D62E30070A29D /* Frameworks */ = {
			isa = PBXFrameworksBuildPhase;
			buildActionMask = 2147483647;
			files = (
				453F90A6183D62E40070A29D /* CoreGraphics.framework in Frameworks */,
				453F90A8183D62E40070A29D /* UIKit.framework in Frameworks */,
				453F90A4183D62E40070A29D /* Foundation.framework in Frameworks */,
			);
			runOnlyForDeploymentPostprocessing = 0;
		};
/* End PBXFrameworksBuildPhase section */

/* Begin PBXGroup section */
		453F9097183D62E20070A29D = {
			isa = PBXGroup;
			children = (
				453F90A9183D62E40070A29D /* Lock */,
				453F90A2183D62E30070A29D /* Frameworks */,
				453F90A1183D62E30070A29D /* Products */,
			);
			sourceTree = "<group>";
		};
		453F90A1183D62E30070A29D /* Products */ = {
			isa = PBXGroup;
			children = (
				453F90A0183D62E30070A29D /* Lock.app */,
			);
			name = Products;
			sourceTree = "<group>";
		};
		453F90A2183D62E30070A29D /* Frameworks */ = {
			isa = PBXGroup;
			children = (
				453F90A3183D62E30070A29D /* Foundation.framework */,
				453F90A5183D62E40070A29D /* CoreGraphics.framework */,
				453F90A7183D62E40070A29D /* UIKit.framework */,
				453F90C2183D62E60070A29D /* XCTest.framework */,
			);
			name = Frameworks;
			sourceTree = "<group>";
		};
		453F90A9183D62E40070A29D /* Lock */ = {
			isa = PBXGroup;
			children = (
				45F3A235186730EC00514BC9 /* Code */,
				45F3A22B186730EC00514BC9 /* Resources */,
			);
			path = Lock;
			sourceTree = "<group>";
		};
		45F3A22B186730EC00514BC9 /* Resources */ = {
			isa = PBXGroup;
			children = (
				45F3A22C186730EC00514BC9 /* Images */,
				45F3A22E186730EC00514BC9 /* Localization */,
				45F3A231186730EC00514BC9 /* Plists */,
				45F3A233186730EC00514BC9 /* Storyboards */,
			);
			path = Resources;
			sourceTree = "<group>";
		};
		45F3A22C186730EC00514BC9 /* Images */ = {
			isa = PBXGroup;
			children = (
				45F3A22D186730EC00514BC9 /* Images.xcassets */,
			);
			path = Images;
			sourceTree = "<group>";
		};
		45F3A22E186730EC00514BC9 /* Localization */ = {
			isa = PBXGroup;
			children = (
				45F3A22F186730EC00514BC9 /* InfoPlist.strings */,
			);
			path = Localization;
			sourceTree = "<group>";
		};
		45F3A231186730EC00514BC9 /* Plists */ = {
			isa = PBXGroup;
			children = (
				45F3A232186730EC00514BC9 /* Lock-Info.plist */,
			);
			path = Plists;
			sourceTree = "<group>";
		};
		45F3A233186730EC00514BC9 /* Storyboards */ = {
			isa = PBXGroup;
			children = (
				45F3A234186730EC00514BC9 /* Main.storyboard */,
			);
			path = Storyboards;
			sourceTree = "<group>";
		};
		45F3A235186730EC00514BC9 /* Code */ = {
			isa = PBXGroup;
			children = (
				45F3A23E186730EC00514BC9 /* Model */,
				45F3A23F186730EC00514BC9 /* View */,
				45F3A236186730EC00514BC9 /* Controller */,
				45F3A239186730EC00514BC9 /* Main */,
			);
			path = Code;
			sourceTree = "<group>";
		};
		45F3A236186730EC00514BC9 /* Controller */ = {
			isa = PBXGroup;
			children = (
				45F3A237186730EC00514BC9 /* LockViewController.h */,
				45F3A238186730EC00514BC9 /* LockViewController.m */,
			);
			path = Controller;
			sourceTree = "<group>";
		};
		45F3A239186730EC00514BC9 /* Main */ = {
			isa = PBXGroup;
			children = (
				45F3A23B186730EC00514BC9 /* LockAppDelegate.h */,
				45F3A23C186730EC00514BC9 /* LockAppDelegate.m */,
				45F3A23A186730EC00514BC9 /* Lock-Prefix.pch */,
				45F3A23D186730EC00514BC9 /* main.m */,
			);
			path = Main;
			sourceTree = "<group>";
		};
		45F3A23E186730EC00514BC9 /* Model */ = {
			isa = PBXGroup;
			children = (
			);
			path = Model;
			sourceTree = "<group>";
		};
		45F3A23F186730EC00514BC9 /* View */ = {
			isa = PBXGroup;
			children = (
				45F3A247186731F000514BC9 /* LockView.h */,
				45F3A248186731F000514BC9 /* LockView.m */,
			);
			path = View;
			sourceTree = "<group>";
		};
/* End PBXGroup section */

/* Begin PBXNativeTarget section */
		453F909F183D62E30070A29D /* Lock */ = {
			isa = PBXNativeTarget;
			buildConfigurationList = 453F90D2183D62E60070A29D /* Build configuration list for PBXNativeTarget "Lock" */;
			buildPhases = (
				453F909C183D62E30070A29D /* Sources */,
				453F909D183D62E30070A29D /* Frameworks */,
				453F909E183D62E30070A29D /* Resources */,
			);
			buildRules = (
			);
			dependencies = (
			);
			name = Lock;
			productName = Lock;
			productReference = 453F90A0183D62E30070A29D /* Lock.app */;
			productType = "com.apple.product-type.application";
		};
/* End PBXNativeTarget section */

/* Begin PBXProject section */
		453F9098183D62E20070A29D /* Project object */ = {
			isa = PBXProject;
			attributes = {
				CLASSPREFIX = DK;
				LastUpgradeCheck = 0500;
				ORGANIZATIONNAME = D.K.;
			};
			buildConfigurationList = 453F909B183D62E20070A29D /* Build configuration list for PBXProject "Lock" */;
			compatibilityVersion = "Xcode 3.2";
			developmentRegion = English;
			hasScannedForEncodings = 0;
			knownRegions = (
				en,
				Base,
			);
			mainGroup = 453F9097183D62E20070A29D;
			productRefGroup = 453F90A1183D62E30070A29D /* Products */;
			projectDirPath = "";
			projectRoot = "";
			targets = (
				453F909F183D62E30070A29D /* Lock */,
			);
		};
/* End PBXProject section */

/* Begin PBXResourcesBuildPhase section */
		453F909E183D62E30070A29D /* Resources */ = {
			isa = PBXResourcesBuildPhase;
			buildActionMask = 2147483647;
			files = (
				45F3A240186730EC00514BC9 /* Images.xcassets in Resources */,
				45F3A241186730EC00514BC9 /* InfoPlist.strings in Resources */,
				45F3A243186730EC00514BC9 /* Main.storyboard in Resources */,
			);
			runOnlyForDeploymentPostprocessing = 0;
		};
/* End PBXResourcesBuildPhase section */

/* Begin PBXSourcesBuildPhase section */
		453F909C183D62E30070A29D /* Sources */ = {
			isa = PBXSourcesBuildPhase;
			buildActionMask = 2147483647;
			files = (
				45F3A244186730EC00514BC9 /* LockViewController.m in Sources */,
				45F3A249186731F000514BC9 /* LockView.m in Sources */,
				45F3A246186730EC00514BC9 /* main.m in Sources */,
				45F3A245186730EC00514BC9 /* LockAppDelegate.m in Sources */,
			);
			runOnlyForDeploymentPostprocessing = 0;
		};
/* End PBXSourcesBuildPhase section */

/* Begin PBXVariantGroup section */
		45F3A22F186730EC00514BC9 /* InfoPlist.strings */ = {
			isa = PBXVariantGroup;
			children = (
				45F3A230186730EC00514BC9 /* en */,
			);
			name = InfoPlist.strings;
			sourceTree = "<group>";
		};
/* End PBXVariantGroup section */

/* Begin XCBuildConfiguration section */
		453F90D0183D62E60070A29D /* Debug */ = {
			isa = XCBuildConfiguration;
			buildSettings = {
				ALWAYS_SEARCH_USER_PATHS = NO;
				ARCHS = "$(ARCHS_STANDARD_INCLUDING_64_BIT)";
				CLANG_CXX_LANGUAGE_STANDARD = "gnu++0x";
				CLANG_CXX_LIBRARY = "libc++";
				CLANG_ENABLE_MODULES = YES;
				CLANG_ENABLE_OBJC_ARC = YES;
				CLANG_WARN_BOOL_CONVERSION = YES;
				CLANG_WARN_CONSTANT_CONVERSION = YES;
				CLANG_WARN_DIRECT_OBJC_ISA_USAGE = YES_ERROR;
				CLANG_WARN_EMPTY_BODY = YES;
				CLANG_WARN_ENUM_CONVERSION = YES;
				CLANG_WARN_INT_CONVERSION = YES;
				CLANG_WARN_OBJC_ROOT_CLASS = YES_ERROR;
				CLANG_WARN__DUPLICATE_METHOD_MATCH = YES;
				"CODE_SIGN_IDENTITY[sdk=iphoneos*]" = "iPhone Developer";
				COPY_PHASE_STRIP = NO;
				GCC_C_LANGUAGE_STANDARD = gnu99;
				GCC_DYNAMIC_NO_PIC = NO;
				GCC_OPTIMIZATION_LEVEL = 0;
				GCC_PREPROCESSOR_DEFINITIONS = (
					"DEBUG=1",
					"$(inherited)",
				);
				GCC_SYMBOLS_PRIVATE_EXTERN = NO;
				GCC_WARN_64_TO_32_BIT_CONVERSION = YES;
				GCC_WARN_ABOUT_RETURN_TYPE = YES_ERROR;
				GCC_WARN_UNDECLARED_SELECTOR = YES;
				GCC_WARN_UNINITIALIZED_AUTOS = YES;
				GCC_WARN_UNUSED_FUNCTION = YES;
				GCC_WARN_UNUSED_VARIABLE = YES;
				IPHONEOS_DEPLOYMENT_TARGET = 7.0;
				ONLY_ACTIVE_ARCH = YES;
				SDKROOT = iphoneos;
			};
			name = Debug;
		};
		453F90D1183D62E60070A29D /* Release */ = {
			isa = XCBuildConfiguration;
			buildSettings = {
				ALWAYS_SEARCH_USER_PATHS = NO;
				ARCHS = "$(ARCHS_STANDARD_INCLUDING_64_BIT)";
				CLANG_CXX_LANGUAGE_STANDARD = "gnu++0x";
				CLANG_CXX_LIBRARY = "libc++";
				CLANG_ENABLE_MODULES = YES;
				CLANG_ENABLE_OBJC_ARC = YES;
				CLANG_WARN_BOOL_CONVERSION = YES;
				CLANG_WARN_CONSTANT_CONVERSION = YES;
				CLANG_WARN_DIRECT_OBJC_ISA_USAGE = YES_ERROR;
				CLANG_WARN_EMPTY_BODY = YES;
				CLANG_WARN_ENUM_CONVERSION = YES;
				CLANG_WARN_INT_CONVERSION = YES;
				CLANG_WARN_OBJC_ROOT_CLASS = YES_ERROR;
				CLANG_WARN__DUPLICATE_METHOD_MATCH = YES;
				"CODE_SIGN_IDENTITY[sdk=iphoneos*]" = "iPhone Developer";
				COPY_PHASE_STRIP = YES;
				ENABLE_NS_ASSERTIONS = NO;
				GCC_C_LANGUAGE_STANDARD = gnu99;
				GCC_WARN_64_TO_32_BIT_CONVERSION = YES;
				GCC_WARN_ABOUT_RETURN_TYPE = YES_ERROR;
				GCC_WARN_UNDECLARED_SELECTOR = YES;
				GCC_WARN_UNINITIALIZED_AUTOS = YES;
				GCC_WARN_UNUSED_FUNCTION = YES;
				GCC_WARN_UNUSED_VARIABLE = YES;
				IPHONEOS_DEPLOYMENT_TARGET = 7.0;
				SDKROOT = iphoneos;
				VALIDATE_PRODUCT = YES;
			};
			name = Release;
		};
		453F90D3183D62E60070A29D /* Debug */ = {
			isa = XCBuildConfiguration;
			buildSettings = {
				ASSETCATALOG_COMPILER_APPICON_NAME = AppIcon;
				ASSETCATALOG_COMPILER_LAUNCHIMAGE_NAME = LaunchImage;
				GCC_PRECOMPILE_PREFIX_HEADER = YES;
				GCC_PREFIX_HEADER = "Lock/Code/Main/Lock-Prefix.pch";
				INFOPLIST_FILE = "$(SRCROOT)/Lock/Resources/Plists/Lock-Info.plist";
				PRODUCT_NAME = "$(TARGET_NAME)";
				WRAPPER_EXTENSION = app;
			};
			name = Debug;
		};
		453F90D4183D62E60070A29D /* Release */ = {
			isa = XCBuildConfiguration;
			buildSettings = {
				ASSETCATALOG_COMPILER_APPICON_NAME = AppIcon;
				ASSETCATALOG_COMPILER_LAUNCHIMAGE_NAME = LaunchImage;
				GCC_PRECOMPILE_PREFIX_HEADER = YES;
				GCC_PREFIX_HEADER = "Lock/Code/Main/Lock-Prefix.pch";
				INFOPLIST_FILE = "$(SRCROOT)/Lock/Resources/Plists/Lock-Info.plist";
				PRODUCT_NAME = "$(TARGET_NAME)";
				WRAPPER_EXTENSION = app;
			};
			name = Release;
		};
/* End XCBuildConfiguration section */

/* Begin XCConfigurationList section */
		453F909B183D62E20070A29D /* Build configuration list for PBXProject "Lock" */ = {
			isa = XCConfigurationList;
			buildConfigurations = (
				453F90D0183D62E60070A29D /* Debug */,
				453F90D1183D62E60070A29D /* Release */,
			);
			defaultConfigurationIsVisible = 0;
			defaultConfigurationName = Release;
		};
		453F90D2183D62E60070A29D /* Build configuration list for PBXNativeTarget "Lock" */ = {
			isa = XCConfigurationList;
			buildConfigurations = (
				453F90D3183D62E60070A29D /* Debug */,
				453F90D4183D62E60070A29D /* Release */,
			);
			defaultConfigurationIsVisible = 0;
			defaultConfigurationName = Release;
		};
/* End XCConfigurationList section */
	};
	rootObject = 453F9098183D62E20070A29D /* Project object */;
}
